
Microsoft Visual Studio Solution File, Format Version 12.00
# Visual Studio Version 16
VisualStudioVersion = 16.0.31911.196
MinimumVisualStudioVersion = 10.0.40219.1
Project("{FAE04EC0-301F-11D3-BF4B-00C04F79EFBC}") = "Anti_Deco_LostArk", "Anti_Deco_LostArk.csproj", "{B6D49651-1ACF-4955-9942-F02B26B4914C}"
EndProject
Global
	GlobalSection(SolutionConfigurationPlatforms) = preSolution
		Debug|Any CPU = Debug|Any CPU
		Release|Any CPU = Release|Any CPU
	EndGlobalSection
	GlobalSection(ProjectConfigurationPlatforms) = postSolution
		{B6D49651-1ACF-4955-9942-F02B26B4914C}.Debug|Any CPU.ActiveCfg = Debug|Any CPU
		{B6D49651-1ACF-4955-9942-F02B26B4914C}.Debug|Any CPU.Build.0 = Debug|Any CPU
		{B6D49651-1ACF-4955-9942-F02B26B4914C}.Release|Any CPU.ActiveCfg = Release|Any CPU
		{B6D49651-1ACF-4955-9942-F02B26B4914C}.Release|Any CPU.Build.0 = Release|Any CPU
	EndGlobalSection
	GlobalSection(SolutionProperties) = preSolution
		HideSolutionNode = FALSE
	EndGlobalSection
	GlobalSection(ExtensibilityGlobals) = postSolution
		SolutionGuid = {FB6C79E6-17D6-4FE6-8506-1C6C1857EB2F}
	EndGlobalSection
EndGlobal
